// !$*UTF8*$!
{
	archiveVersion = 1;
	classes = {
	};
	objectVersion = 56;
	objects = {

/* Begin PBXBuildFile section */
		631E53392C29036600D99FF7 /* NotificationManager.swift in Sources */ = {isa = PBXBuildFile; fileRef = 631E53382C29036600D99FF7 /* NotificationManager.swift */; };
		634129D32C1D0FD300B6014D /* todolistApp.swift in Sources */ = {isa = PBXBuildFile; fileRef = 634129D22C1D0FD300B6014D /* todolistApp.swift */; };
		634129D52C1D0FD300B6014D /* HomeView.swift in Sources */ = {isa = PBXBuildFile; fileRef = 634129D42C1D0FD300B6014D /* HomeView.swift */; };
		634129D72C1D0FD400B6014D /* Assets.xcassets in Resources */ = {isa = PBXBuildFile; fileRef = 634129D62C1D0FD400B6014D /* Assets.xcassets */; };
		634129DA2C1D0FD400B6014D /* Preview Assets.xcassets in Resources */ = {isa = PBXBuildFile; fileRef = 634129D92C1D0FD400B6014D /* Preview Assets.xcassets */; };
		634129E12C1D102500B6014D /* AddReminderView.swift in Sources */ = {isa = PBXBuildFile; fileRef = 634129E02C1D102500B6014D /* AddReminderView.swift */; };
		634129E32C1D127B00B6014D /* Reminder.swift in Sources */ = {isa = PBXBuildFile; fileRef = 634129E22C1D127B00B6014D /* Reminder.swift */; };
		634129E52C1D186D00B6014D /* MultiWeekdayPicker.swift in Sources */ = {isa = PBXBuildFile; fileRef = 634129E42C1D186D00B6014D /* MultiWeekdayPicker.swift */; };
		634129E72C1E3B5800B6014D /* ReminderCellView.swift in Sources */ = {isa = PBXBuildFile; fileRef = 634129E62C1E3B5800B6014D /* ReminderCellView.swift */; };
		634129E92C207E8A00B6014D /* UpdateReminderView.swift in Sources */ = {isa = PBXBuildFile; fileRef = 634129E82C207E8A00B6014D /* UpdateReminderView.swift */; };
		634129EB2C20D32200B6014D /* test.swift in Sources */ = {isa = PBXBuildFile; fileRef = 634129EA2C20D32200B6014D /* test.swift */; };
		634129ED2C21CC7300B6014D /* ReminderFormView.swift in Sources */ = {isa = PBXBuildFile; fileRef = 634129EC2C21CC7300B6014D /* ReminderFormView.swift */; };
		634129F22C23C10200B6014D /* ReminderCatagoryView.swift in Sources */ = {isa = PBXBuildFile; fileRef = 634129F12C23C10200B6014D /* ReminderCatagoryView.swift */; };
		634129F42C245A8B00B6014D /* ReminderListView.swift in Sources */ = {isa = PBXBuildFile; fileRef = 634129F32C245A8B00B6014D /* ReminderListView.swift */; };
		63B460B32C2894510070B96D /* utils.swift in Sources */ = {isa = PBXBuildFile; fileRef = 63B460B22C2894510070B96D /* utils.swift */; };
/* End PBXBuildFile section */

/* Begin PBXFileReference section */
		631E53382C29036600D99FF7 /* NotificationManager.swift */ = {isa = PBXFileReference; lastKnownFileType = sourcecode.swift; path = NotificationManager.swift; sourceTree = "<group>"; };
		634129CF2C1D0FD300B6014D /* todolist.app */ = {isa = PBXFileReference; explicitFileType = wrapper.application; includeInIndex = 0; path = todolist.app; sourceTree = BUILT_PRODUCTS_DIR; };
		634129D22C1D0FD300B6014D /* todolistApp.swift */ = {isa = PBXFileReference; lastKnownFileType = sourcecode.swift; path = todolistApp.swift; sourceTree = "<group>"; };
		634129D42C1D0FD300B6014D /* HomeView.swift */ = {isa = PBXFileReference; lastKnownFileType = sourcecode.swift; path = HomeView.swift; sourceTree = "<group>"; };
		634129D62C1D0FD400B6014D /* Assets.xcassets */ = {isa = PBXFileReference; lastKnownFileType = folder.assetcatalog; path = Assets.xcassets; sourceTree = "<group>"; };
		634129D92C1D0FD400B6014D /* Preview Assets.xcassets */ = {isa = PBXFileReference; lastKnownFileType = folder.assetcatalog; path = "Preview Assets.xcassets"; sourceTree = "<group>"; };
		634129E02C1D102500B6014D /* AddReminderView.swift */ = {isa = PBXFileReference; lastKnownFileType = sourcecode.swift; path = AddReminderView.swift; sourceTree = "<group>"; };
		634129E22C1D127B00B6014D /* Reminder.swift */ = {isa = PBXFileReference; lastKnownFileType = sourcecode.swift; path = Reminder.swift; sourceTree = "<group>"; };
		634129E42C1D186D00B6014D /* MultiWeekdayPicker.swift */ = {isa = PBXFileReference; lastKnownFileType = sourcecode.swift; path = MultiWeekdayPicker.swift; sourceTree = "<group>"; };
		634129E62C1E3B5800B6014D /* ReminderCellView.swift */ = {isa = PBXFileReference; lastKnownFileType = sourcecode.swift; path = ReminderCellView.swift; sourceTree = "<group>"; };
		634129E82C207E8A00B6014D /* UpdateReminderView.swift */ = {isa = PBXFileReference; lastKnownFileType = sourcecode.swift; path = UpdateReminderView.swift; sourceTree = "<group>"; };
		634129EA2C20D32200B6014D /* test.swift */ = {isa = PBXFileReference; lastKnownFileType = sourcecode.swift; path = test.swift; sourceTree = "<group>"; };
		634129EC2C21CC7300B6014D /* ReminderFormView.swift */ = {isa = PBXFileReference; lastKnownFileType = sourcecode.swift; path = ReminderFormView.swift; sourceTree = "<group>"; };
		634129F12C23C10200B6014D /* ReminderCatagoryView.swift */ = {isa = PBXFileReference; lastKnownFileType = sourcecode.swift; path = ReminderCatagoryView.swift; sourceTree = "<group>"; };
		634129F32C245A8B00B6014D /* ReminderListView.swift */ = {isa = PBXFileReference; lastKnownFileType = sourcecode.swift; path = ReminderListView.swift; sourceTree = "<group>"; };
		63B460B22C2894510070B96D /* utils.swift */ = {isa = PBXFileReference; lastKnownFileType = sourcecode.swift; path = utils.swift; sourceTree = "<group>"; };
/* End PBXFileReference section */

/* Begin PBXFrameworksBuildPhase section */
		634129CC2C1D0FD300B6014D /* Frameworks */ = {
			isa = PBXFrameworksBuildPhase;
			buildActionMask = 2147483647;
			files = (
			);
			runOnlyForDeploymentPostprocessing = 0;
		};
/* End PBXFrameworksBuildPhase section */

/* Begin PBXGroup section */
		631E53372C29033400D99FF7 /* Notification */ = {
			isa = PBXGroup;
			children = (
				631E53382C29036600D99FF7 /* NotificationManager.swift */,
			);
			path = Notification;
			sourceTree = "<group>";
		};
		634129C62C1D0FD300B6014D = {
			isa = PBXGroup;
			children = (
				634129D12C1D0FD300B6014D /* todolist */,
				634129D02C1D0FD300B6014D /* Products */,
			);
			sourceTree = "<group>";
		};
		634129D02C1D0FD300B6014D /* Products */ = {
			isa = PBXGroup;
			children = (
				634129CF2C1D0FD300B6014D /* todolist.app */,
			);
			name = Products;
			sourceTree = "<group>";
		};
		634129D12C1D0FD300B6014D /* todolist */ = {
			isa = PBXGroup;
			children = (
				631E53372C29033400D99FF7 /* Notification */,
				63B460B12C2894340070B96D /* Utils */,
				634129F02C23521200B6014D /* Model */,
				634129EF2C23519500B6014D /* Views */,
				634129EE2C23517500B6014D /* Screens */,
				634129D22C1D0FD300B6014D /* todolistApp.swift */,
				634129EA2C20D32200B6014D /* test.swift */,
				634129D62C1D0FD400B6014D /* Assets.xcassets */,
				634129D82C1D0FD400B6014D /* Preview Content */,
			);
			path = todolist;
			sourceTree = "<group>";
		};
		634129D82C1D0FD400B6014D /* Preview Content */ = {
			isa = PBXGroup;
			children = (
				634129D92C1D0FD400B6014D /* Preview Assets.xcassets */,
			);
			path = "Preview Content";
			sourceTree = "<group>";
		};
		634129EE2C23517500B6014D /* Screens */ = {
			isa = PBXGroup;
			children = (
				634129D42C1D0FD300B6014D /* HomeView.swift */,
				634129E82C207E8A00B6014D /* UpdateReminderView.swift */,
				634129E02C1D102500B6014D /* AddReminderView.swift */,
			);
			path = Screens;
			sourceTree = "<group>";
		};
		634129EF2C23519500B6014D /* Views */ = {
			isa = PBXGroup;
			children = (
				634129E62C1E3B5800B6014D /* ReminderCellView.swift */,
				634129EC2C21CC7300B6014D /* ReminderFormView.swift */,
				634129E42C1D186D00B6014D /* MultiWeekdayPicker.swift */,
				634129F12C23C10200B6014D /* ReminderCatagoryView.swift */,
				634129F32C245A8B00B6014D /* ReminderListView.swift */,
			);
			path = Views;
			sourceTree = "<group>";
		};
		634129F02C23521200B6014D /* Model */ = {
			isa = PBXGroup;
			children = (
				634129E22C1D127B00B6014D /* Reminder.swift */,
			);
			path = Model;
			sourceTree = "<group>";
		};
		63B460B12C2894340070B96D /* Utils */ = {
			isa = PBXGroup;
			children = (
				63B460B22C2894510070B96D /* utils.swift */,
			);
			path = Utils;
			sourceTree = "<group>";
		};
/* End PBXGroup section */

/* Begin PBXNativeTarget section */
		634129CE2C1D0FD300B6014D /* todolist */ = {
			isa = PBXNativeTarget;
			buildConfigurationList = 634129DD2C1D0FD400B6014D /* Build configuration list for PBXNativeTarget "todolist" */;
			buildPhases = (
				634129CB2C1D0FD300B6014D /* Sources */,
				634129CC2C1D0FD300B6014D /* Frameworks */,
				634129CD2C1D0FD300B6014D /* Resources */,
			);
			buildRules = (
			);
			dependencies = (
			);
			name = todolist;
			productName = todolist;
			productReference = 634129CF2C1D0FD300B6014D /* todolist.app */;
			productType = "com.apple.product-type.application";
		};
/* End PBXNativeTarget section */

/* Begin PBXProject section */
		634129C72C1D0FD300B6014D /* Project object */ = {
			isa = PBXProject;
			attributes = {
				BuildIndependentTargetsInParallel = 1;
				LastSwiftUpdateCheck = 1540;
				LastUpgradeCheck = 1540;
				TargetAttributes = {
					634129CE2C1D0FD300B6014D = {
						CreatedOnToolsVersion = 15.4;
					};
				};
			};
			buildConfigurationList = 634129CA2C1D0FD300B6014D /* Build configuration list for PBXProject "todolist" */;
			compatibilityVersion = "Xcode 14.0";
			developmentRegion = en;
			hasScannedForEncodings = 0;
			knownRegions = (
				en,
				Base,
			);
			mainGroup = 634129C62C1D0FD300B6014D;
			productRefGroup = 634129D02C1D0FD300B6014D /* Products */;
			projectDirPath = "";
			projectRoot = "";
			targets = (
				634129CE2C1D0FD300B6014D /* todolist */,
			);
		};
/* End PBXProject section */

/* Begin PBXResourcesBuildPhase section */
		634129CD2C1D0FD300B6014D /* Resources */ = {
			isa = PBXResourcesBuildPhase;
			buildActionMask = 2147483647;
			files = (
				634129DA2C1D0FD400B6014D /* Preview Assets.xcassets in Resources */,
				634129D72C1D0FD400B6014D /* Assets.xcassets in Resources */,
			);
			runOnlyForDeploymentPostprocessing = 0;
		};
/* End PBXResourcesBuildPhase section */

/* Begin PBXSourcesBuildPhase section */
		634129CB2C1D0FD300B6014D /* Sources */ = {
			isa = PBXSourcesBuildPhase;
			buildActionMask = 2147483647;
			files = (
				634129D52C1D0FD300B6014D /* HomeView.swift in Sources */,
				634129F42C245A8B00B6014D /* ReminderListView.swift in Sources */,
				634129D32C1D0FD300B6014D /* todolistApp.swift in Sources */,
				63B460B32C2894510070B96D /* utils.swift in Sources */,
				634129E12C1D102500B6014D /* AddReminderView.swift in Sources */,
				634129E92C207E8A00B6014D /* UpdateReminderView.swift in Sources */,
				631E53392C29036600D99FF7 /* NotificationManager.swift in Sources */,
				634129E32C1D127B00B6014D /* Reminder.swift in Sources */,
				634129EB2C20D32200B6014D /* test.swift in Sources */,
				634129E72C1E3B5800B6014D /* ReminderCellView.swift in Sources */,
				634129ED2C21CC7300B6014D /* ReminderFormView.swift in Sources */,
				634129F22C23C10200B6014D /* ReminderCatagoryView.swift in Sources */,
				634129E52C1D186D00B6014D /* MultiWeekdayPicker.swift in Sources */,
			);
			runOnlyForDeploymentPostprocessing = 0;
		};
/* End PBXSourcesBuildPhase section */

/* Begin XCBuildConfiguration section */
		634129DB2C1D0FD400B6014D /* Debug */ = {
			isa = XCBuildConfiguration;
			buildSettings = {
				ALWAYS_SEARCH_USER_PATHS = NO;
				ASSETCATALOG_COMPILER_GENERATE_SWIFT_ASSET_SYMBOL_EXTENSIONS = YES;
				CLANG_ANALYZER_NONNULL = YES;
				CLANG_ANALYZER_NUMBER_OBJECT_CONVERSION = YES_AGGRESSIVE;
				CLANG_CXX_LANGUAGE_STANDARD = "gnu++20";
				CLANG_ENABLE_MODULES = YES;
				CLANG_ENABLE_OBJC_ARC = YES;
				CLANG_ENABLE_OBJC_WEAK = YES;
				CLANG_WARN_BLOCK_CAPTURE_AUTORELEASING = YES;
				CLANG_WARN_BOOL_CONVERSION = YES;
				CLANG_WARN_COMMA = YES;
				CLANG_WARN_CONSTANT_CONVERSION = YES;
				CLANG_WARN_DEPRECATED_OBJC_IMPLEMENTATIONS = YES;
				CLANG_WARN_DIRECT_OBJC_ISA_USAGE = YES_ERROR;
				CLANG_WARN_DOCUMENTATION_COMMENTS = YES;
				CLANG_WARN_EMPTY_BODY = YES;
				CLANG_WARN_ENUM_CONVERSION = YES;
				CLANG_WARN_INFINITE_RECURSION = YES;
				CLANG_WARN_INT_CONVERSION = YES;
				CLANG_WARN_NON_LITERAL_NULL_CONVERSION = YES;
				CLANG_WARN_OBJC_IMPLICIT_RETAIN_SELF = YES;
				CLANG_WARN_OBJC_LITERAL_CONVERSION = YES;
				CLANG_WARN_OBJC_ROOT_CLASS = YES_ERROR;
				CLANG_WARN_QUOTED_INCLUDE_IN_FRAMEWORK_HEADER = YES;
				CLANG_WARN_RANGE_LOOP_ANALYSIS = YES;
				CLANG_WARN_STRICT_PROTOTYPES = YES;
				CLANG_WARN_SUSPICIOUS_MOVE = YES;
				CLANG_WARN_UNGUARDED_AVAILABILITY = YES_AGGRESSIVE;
				CLANG_WARN_UNREACHABLE_CODE = YES;
				CLANG_WARN__DUPLICATE_METHOD_MATCH = YES;
				COPY_PHASE_STRIP = NO;
				DEBUG_INFORMATION_FORMAT = dwarf;
				ENABLE_STRICT_OBJC_MSGSEND = YES;
				ENABLE_TESTABILITY = YES;
				ENABLE_USER_SCRIPT_SANDBOXING = YES;
				GCC_C_LANGUAGE_STANDARD = gnu17;
				GCC_DYNAMIC_NO_PIC = NO;
				GCC_NO_COMMON_BLOCKS = YES;
				GCC_OPTIMIZATION_LEVEL = 0;
				GCC_PREPROCESSOR_DEFINITIONS = (
					"DEBUG=1",
					"$(inherited)",
				);
				GCC_WARN_64_TO_32_BIT_CONVERSION = YES;
				GCC_WARN_ABOUT_RETURN_TYPE = YES_ERROR;
				GCC_WARN_UNDECLARED_SELECTOR = YES;
				GCC_WARN_UNINITIALIZED_AUTOS = YES_AGGRESSIVE;
				GCC_WARN_UNUSED_FUNCTION = YES;
				GCC_WARN_UNUSED_VARIABLE = YES;
				IPHONEOS_DEPLOYMENT_TARGET = 17.5;
				LOCALIZATION_PREFERS_STRING_CATALOGS = YES;
				MTL_ENABLE_DEBUG_INFO = INCLUDE_SOURCE;
				MTL_FAST_MATH = YES;
				ONLY_ACTIVE_ARCH = YES;
				SDKROOT = iphoneos;
				SWIFT_ACTIVE_COMPILATION_CONDITIONS = "DEBUG $(inherited)";
				SWIFT_OPTIMIZATION_LEVEL = "-Onone";
			};
			name = Debug;
		};
		634129DC2C1D0FD400B6014D /* Release */ = {
			isa = XCBuildConfiguration;
			buildSettings = {
				ALWAYS_SEARCH_USER_PATHS = NO;
				ASSETCATALOG_COMPILER_GENERATE_SWIFT_ASSET_SYMBOL_EXTENSIONS = YES;
				CLANG_ANALYZER_NONNULL = YES;
				CLANG_ANALYZER_NUMBER_OBJECT_CONVERSION = YES_AGGRESSIVE;
				CLANG_CXX_LANGUAGE_STANDARD = "gnu++20";
				CLANG_ENABLE_MODULES = YES;
				CLANG_ENABLE_OBJC_ARC = YES;
				CLANG_ENABLE_OBJC_WEAK = YES;
				CLANG_WARN_BLOCK_CAPTURE_AUTORELEASING = YES;
				CLANG_WARN_BOOL_CONVERSION = YES;
				CLANG_WARN_COMMA = YES;
				CLANG_WARN_CONSTANT_CONVERSION = YES;
				CLANG_WARN_DEPRECATED_OBJC_IMPLEMENTATIONS = YES;
				CLANG_WARN_DIRECT_OBJC_ISA_USAGE = YES_ERROR;
				CLANG_WARN_DOCUMENTATION_COMMENTS = YES;
				CLANG_WARN_EMPTY_BODY = YES;
				CLANG_WARN_ENUM_CONVERSION = YES;
				CLANG_WARN_INFINITE_RECURSION = YES;
				CLANG_WARN_INT_CONVERSION = YES;
				CLANG_WARN_NON_LITERAL_NULL_CONVERSION = YES;
				CLANG_WARN_OBJC_IMPLICIT_RETAIN_SELF = YES;
				CLANG_WARN_OBJC_LITERAL_CONVERSION = YES;
				CLANG_WARN_OBJC_ROOT_CLASS = YES_ERROR;
				CLANG_WARN_QUOTED_INCLUDE_IN_FRAMEWORK_HEADER = YES;
				CLANG_WARN_RANGE_LOOP_ANALYSIS = YES;
				CLANG_WARN_STRICT_PROTOTYPES = YES;
				CLANG_WARN_SUSPICIOUS_MOVE = YES;
				CLANG_WARN_UNGUARDED_AVAILABILITY = YES_AGGRESSIVE;
				CLANG_WARN_UNREACHABLE_CODE = YES;
				CLANG_WARN__DUPLICATE_METHOD_MATCH = YES;
				COPY_PHASE_STRIP = NO;
				DEBUG_INFORMATION_FORMAT = "dwarf-with-dsym";
				ENABLE_NS_ASSERTIONS = NO;
				ENABLE_STRICT_OBJC_MSGSEND = YES;
				ENABLE_USER_SCRIPT_SANDBOXING = YES;
				GCC_C_LANGUAGE_STANDARD = gnu17;
				GCC_NO_COMMON_BLOCKS = YES;
				GCC_WARN_64_TO_32_BIT_CONVERSION = YES;
				GCC_WARN_ABOUT_RETURN_TYPE = YES_ERROR;
				GCC_WARN_UNDECLARED_SELECTOR = YES;
				GCC_WARN_UNINITIALIZED_AUTOS = YES_AGGRESSIVE;
				GCC_WARN_UNUSED_FUNCTION = YES;
				GCC_WARN_UNUSED_VARIABLE = YES;
				IPHONEOS_DEPLOYMENT_TARGET = 17.5;
				LOCALIZATION_PREFERS_STRING_CATALOGS = YES;
				MTL_ENABLE_DEBUG_INFO = NO;
				MTL_FAST_MATH = YES;
				SDKROOT = iphoneos;
				SWIFT_COMPILATION_MODE = wholemodule;
				VALIDATE_PRODUCT = YES;
			};
			name = Release;
		};
		634129DE2C1D0FD400B6014D /* Debug */ = {
			isa = XCBuildConfiguration;
			buildSettings = {
				ASSETCATALOG_COMPILER_APPICON_NAME = AppIcon;
				ASSETCATALOG_COMPILER_GLOBAL_ACCENT_COLOR_NAME = AccentColor;
				CODE_SIGN_STYLE = Automatic;
				CURRENT_PROJECT_VERSION = 1;
				DEVELOPMENT_ASSET_PATHS = "\"todolist/Preview Content\"";
				DEVELOPMENT_TEAM = 97P29665X5;
				ENABLE_PREVIEWS = YES;
				GENERATE_INFOPLIST_FILE = YES;
				INFOPLIST_KEY_UIApplicationSceneManifest_Generation = YES;
				INFOPLIST_KEY_UIApplicationSupportsIndirectInputEvents = YES;
				INFOPLIST_KEY_UILaunchScreen_Generation = YES;
				INFOPLIST_KEY_UISupportedInterfaceOrientations_iPad = "UIInterfaceOrientationPortrait UIInterfaceOrientationPortraitUpsideDown UIInterfaceOrientationLandscapeLeft UIInterfaceOrientationLandscapeRight";
				INFOPLIST_KEY_UISupportedInterfaceOrientations_iPhone = "UIInterfaceOrientationPortrait UIInterfaceOrientationLandscapeLeft UIInterfaceOrientationLandscapeRight";
				LD_RUNPATH_SEARCH_PATHS = (
					"$(inherited)",
					"@executable_path/Frameworks",
				);
				MARKETING_VERSION = 1.0;
				NEW_SETTING = "";
				PRODUCT_BUNDLE_IDENTIFIER = david.todolist;
				PRODUCT_NAME = "$(TARGET_NAME)";
				SWIFT_EMIT_LOC_STRINGS = YES;
				SWIFT_VERSION = 5.0;
				TARGETED_DEVICE_FAMILY = "1,2";
			};
			name = Debug;
		};
		634129DF2C1D0FD400B6014D /* Release */ = {
			isa = XCBuildConfiguration;
			buildSettings = {
				ASSETCATALOG_COMPILER_APPICON_NAME = AppIcon;
				ASSETCATALOG_COMPILER_GLOBAL_ACCENT_COLOR_NAME = AccentColor;
				CODE_SIGN_STYLE = Automatic;
				CURRENT_PROJECT_VERSION = 1;
				DEVELOPMENT_ASSET_PATHS = "\"todolist/Preview Content\"";
				DEVELOPMENT_TEAM = 97P29665X5;
				ENABLE_PREVIEWS = YES;
				GENERATE_INFOPLIST_FILE = YES;
				INFOPLIST_KEY_UIApplicationSceneManifest_Generation = YES;
				INFOPLIST_KEY_UIApplicationSupportsIndirectInputEvents = YES;
				INFOPLIST_KEY_UILaunchScreen_Generation = YES;
				INFOPLIST_KEY_UISupportedInterfaceOrientations_iPad = "UIInterfaceOrientationPortrait UIInterfaceOrientationPortraitUpsideDown UIInterfaceOrientationLandscapeLeft UIInterfaceOrientationLandscapeRight";
				INFOPLIST_KEY_UISupportedInterfaceOrientations_iPhone = "UIInterfaceOrientationPortrait UIInterfaceOrientationLandscapeLeft UIInterfaceOrientationLandscapeRight";
				LD_RUNPATH_SEARCH_PATHS = (
					"$(inherited)",
					"@executable_path/Frameworks",
				);
				MARKETING_VERSION = 1.0;
				NEW_SETTING = "";
				PRODUCT_BUNDLE_IDENTIFIER = david.todolist;
				PRODUCT_NAME = "$(TARGET_NAME)";
				SWIFT_EMIT_LOC_STRINGS = YES;
				SWIFT_VERSION = 5.0;
				"SYSTEM_FRAMEWORK_SEARCH_PATHS[arch=*]" = "";
				TARGETED_DEVICE_FAMILY = "1,2";
			};
			name = Release;
		};
/* End XCBuildConfiguration section */

/* Begin XCConfigurationList section */
		634129CA2C1D0FD300B6014D /* Build configuration list for PBXProject "todolist" */ = {
			isa = XCConfigurationList;
			buildConfigurations = (
				634129DB2C1D0FD400B6014D /* Debug */,
				634129DC2C1D0FD400B6014D /* Release */,
			);
			defaultConfigurationIsVisible = 0;
			defaultConfigurationName = Release;
		};
		634129DD2C1D0FD400B6014D /* Build configuration list for PBXNativeTarget "todolist" */ = {
			isa = XCConfigurationList;
			buildConfigurations = (
				634129DE2C1D0FD400B6014D /* Debug */,
				634129DF2C1D0FD400B6014D /* Release */,
			);
			defaultConfigurationIsVisible = 0;
			defaultConfigurationName = Release;
		};
/* End XCConfigurationList section */
	};
	rootObject = 634129C72C1D0FD300B6014D /* Project object */;
}
